// !$*UTF8*$!
{
	archiveVersion = 1;
	classes = {
	};
	objectVersion = 46;
	objects = {

/* Begin PBXBuildFile section */
		D989B6531CC50CF8009F90A1 /* music.mp3 in Resources */ = {isa = PBXBuildFile; fileRef = D989B6521CC50CF8009F90A1 /* music.mp3 */; };
		D989B6551CC50CFF009F90A1 /* pokemon.ttf in Resources */ = {isa = PBXBuildFile; fileRef = D989B6541CC50CFF009F90A1 /* pokemon.ttf */; };
		D9921CFF1CC25B7700CEF8E7 /* csv.swift in Sources */ = {isa = PBXBuildFile; fileRef = D9921CFE1CC25B7700CEF8E7 /* csv.swift */; };
		D997414B1CC2487B00B5DFB7 /* PokeCell.swift in Sources */ = {isa = PBXBuildFile; fileRef = D997414A1CC2487B00B5DFB7 /* PokeCell.swift */; };
		D9C84DCE1CBEA4EA000040F7 /* AppDelegate.swift in Sources */ = {isa = PBXBuildFile; fileRef = D9C84DCD1CBEA4EA000040F7 /* AppDelegate.swift */; };
		D9C84DD01CBEA4EA000040F7 /* ViewController.swift in Sources */ = {isa = PBXBuildFile; fileRef = D9C84DCF1CBEA4EA000040F7 /* ViewController.swift */; };
		D9C84DD31CBEA4EA000040F7 /* Main.storyboard in Resources */ = {isa = PBXBuildFile; fileRef = D9C84DD11CBEA4EA000040F7 /* Main.storyboard */; };
		D9C84DD51CBEA4EA000040F7 /* Assets.xcassets in Resources */ = {isa = PBXBuildFile; fileRef = D9C84DD41CBEA4EA000040F7 /* Assets.xcassets */; };
		D9C84DD81CBEA4EA000040F7 /* LaunchScreen.storyboard in Resources */ = {isa = PBXBuildFile; fileRef = D9C84DD61CBEA4EA000040F7 /* LaunchScreen.storyboard */; };
		D9C84DE01CBEA637000040F7 /* pokemon.csv in Resources */ = {isa = PBXBuildFile; fileRef = D9C84DDF1CBEA637000040F7 /* pokemon.csv */; };
		D9C84DE31CBEA8CD000040F7 /* Pokemon.swift in Sources */ = {isa = PBXBuildFile; fileRef = D9C84DE21CBEA8CD000040F7 /* Pokemon.swift */; };
/* End PBXBuildFile section */

/* Begin PBXFileReference section */
		D989B6521CC50CF8009F90A1 /* music.mp3 */ = {isa = PBXFileReference; lastKnownFileType = audio.mp3; path = music.mp3; sourceTree = "<group>"; };
		D989B6541CC50CFF009F90A1 /* pokemon.ttf */ = {isa = PBXFileReference; lastKnownFileType = file; path = pokemon.ttf; sourceTree = "<group>"; };
		D9921CFE1CC25B7700CEF8E7 /* csv.swift */ = {isa = PBXFileReference; fileEncoding = 4; lastKnownFileType = sourcecode.swift; path = csv.swift; sourceTree = "<group>"; };
		D997414A1CC2487B00B5DFB7 /* PokeCell.swift */ = {isa = PBXFileReference; fileEncoding = 4; lastKnownFileType = sourcecode.swift; path = PokeCell.swift; sourceTree = "<group>"; };
		D9C84DCA1CBEA4EA000040F7 /* pokedexapp.app */ = {isa = PBXFileReference; explicitFileType = wrapper.application; includeInIndex = 0; path = pokedexapp.app; sourceTree = BUILT_PRODUCTS_DIR; };
		D9C84DCD1CBEA4EA000040F7 /* AppDelegate.swift */ = {isa = PBXFileReference; lastKnownFileType = sourcecode.swift; path = AppDelegate.swift; sourceTree = "<group>"; };
		D9C84DCF1CBEA4EA000040F7 /* ViewController.swift */ = {isa = PBXFileReference; lastKnownFileType = sourcecode.swift; path = ViewController.swift; sourceTree = "<group>"; };
		D9C84DD21CBEA4EA000040F7 /* Base */ = {isa = PBXFileReference; lastKnownFileType = file.storyboard; name = Base; path = Base.lproj/Main.storyboard; sourceTree = "<group>"; };
		D9C84DD41CBEA4EA000040F7 /* Assets.xcassets */ = {isa = PBXFileReference; lastKnownFileType = folder.assetcatalog; path = Assets.xcassets; sourceTree = "<group>"; };
		D9C84DD71CBEA4EA000040F7 /* Base */ = {isa = PBXFileReference; lastKnownFileType = file.storyboard; name = Base; path = Base.lproj/LaunchScreen.storyboard; sourceTree = "<group>"; };
		D9C84DD91CBEA4EA000040F7 /* Info.plist */ = {isa = PBXFileReference; lastKnownFileType = text.plist.xml; path = Info.plist; sourceTree = "<group>"; };
		D9C84DDF1CBEA637000040F7 /* pokemon.csv */ = {isa = PBXFileReference; fileEncoding = 4; lastKnownFileType = text; path = pokemon.csv; sourceTree = "<group>"; };
		D9C84DE21CBEA8CD000040F7 /* Pokemon.swift */ = {isa = PBXFileReference; fileEncoding = 4; lastKnownFileType = sourcecode.swift; path = Pokemon.swift; sourceTree = "<group>"; };
/* End PBXFileReference section */

/* Begin PBXFrameworksBuildPhase section */
		D9C84DC71CBEA4EA000040F7 /* Frameworks */ = {
			isa = PBXFrameworksBuildPhase;
			buildActionMask = 2147483647;
			files = (
			);
			runOnlyForDeploymentPostprocessing = 0;
		};
/* End PBXFrameworksBuildPhase section */

/* Begin PBXGroup section */
		D9921D001CC25B8200CEF8E7 /* Controler */ = {
			isa = PBXGroup;
			children = (
				D9C84DCF1CBEA4EA000040F7 /* ViewController.swift */,
			);
			name = Controler;
			sourceTree = "<group>";
		};
		D9921D011CC25B8900CEF8E7 /* Util */ = {
			isa = PBXGroup;
			children = (
				D9921CFE1CC25B7700CEF8E7 /* csv.swift */,
			);
			name = Util;
			sourceTree = "<group>";
		};
		D9921D021CC25B8F00CEF8E7 /* Resources */ = {
			isa = PBXGroup;
			children = (
				D989B6541CC50CFF009F90A1 /* pokemon.ttf */,
				D989B6521CC50CF8009F90A1 /* music.mp3 */,
				D9C84DDF1CBEA637000040F7 /* pokemon.csv */,
			);
			name = Resources;
			sourceTree = "<group>";
		};
		D99741491CC2485900B5DFB7 /* View */ = {
			isa = PBXGroup;
			children = (
				D997414A1CC2487B00B5DFB7 /* PokeCell.swift */,
			);
			name = View;
			sourceTree = "<group>";
		};
		D9C84DC11CBEA4EA000040F7 = {
			isa = PBXGroup;
			children = (
				D9C84DCC1CBEA4EA000040F7 /* pokedexapp */,
				D9C84DCB1CBEA4EA000040F7 /* Products */,
			);
			sourceTree = "<group>";
		};
		D9C84DCB1CBEA4EA000040F7 /* Products */ = {
			isa = PBXGroup;
			children = (
				D9C84DCA1CBEA4EA000040F7 /* pokedexapp.app */,
			);
			name = Products;
			sourceTree = "<group>";
		};
		D9C84DCC1CBEA4EA000040F7 /* pokedexapp */ = {
			isa = PBXGroup;
			children = (
				D9C84DE11CBEA8BE000040F7 /* Model */,
				D99741491CC2485900B5DFB7 /* View */,
				D9921D001CC25B8200CEF8E7 /* Controler */,
				D9921D011CC25B8900CEF8E7 /* Util */,
				D9921D021CC25B8F00CEF8E7 /* Resources */,
				D9C84DCD1CBEA4EA000040F7 /* AppDelegate.swift */,
				D9C84DD11CBEA4EA000040F7 /* Main.storyboard */,
				D9C84DD41CBEA4EA000040F7 /* Assets.xcassets */,
				D9C84DD61CBEA4EA000040F7 /* LaunchScreen.storyboard */,
				D9C84DD91CBEA4EA000040F7 /* Info.plist */,
			);
			path = pokedexapp;
			sourceTree = "<group>";
		};
		D9C84DE11CBEA8BE000040F7 /* Model */ = {
			isa = PBXGroup;
			children = (
				D9C84DE21CBEA8CD000040F7 /* Pokemon.swift */,
			);
			name = Model;
			sourceTree = "<group>";
		};
/* End PBXGroup section */

/* Begin PBXNativeTarget section */
		D9C84DC91CBEA4EA000040F7 /* pokedexapp */ = {
			isa = PBXNativeTarget;
			buildConfigurationList = D9C84DDC1CBEA4EA000040F7 /* Build configuration list for PBXNativeTarget "pokedexapp" */;
			buildPhases = (
				D9C84DC61CBEA4EA000040F7 /* Sources */,
				D9C84DC71CBEA4EA000040F7 /* Frameworks */,
				D9C84DC81CBEA4EA000040F7 /* Resources */,
			);
			buildRules = (
			);
			dependencies = (
			);
			name = pokedexapp;
			productName = pokedexapp;
			productReference = D9C84DCA1CBEA4EA000040F7 /* pokedexapp.app */;
			productType = "com.apple.product-type.application";
		};
/* End PBXNativeTarget section */

/* Begin PBXProject section */
		D9C84DC21CBEA4EA000040F7 /* Project object */ = {
			isa = PBXProject;
			attributes = {
				LastSwiftUpdateCheck = 0730;
				LastUpgradeCheck = 0730;
				ORGANIZATIONNAME = swiftkoder;
				TargetAttributes = {
					D9C84DC91CBEA4EA000040F7 = {
						CreatedOnToolsVersion = 7.3;
					};
				};
			};
			buildConfigurationList = D9C84DC51CBEA4EA000040F7 /* Build configuration list for PBXProject "pokedexapp" */;
			compatibilityVersion = "Xcode 3.2";
			developmentRegion = English;
			hasScannedForEncodings = 0;
			knownRegions = (
				en,
				Base,
			);
			mainGroup = D9C84DC11CBEA4EA000040F7;
			productRefGroup = D9C84DCB1CBEA4EA000040F7 /* Products */;
			projectDirPath = "";
			projectRoot = "";
			targets = (
				D9C84DC91CBEA4EA000040F7 /* pokedexapp */,
			);
		};
/* End PBXProject section */

/* Begin PBXResourcesBuildPhase section */
		D9C84DC81CBEA4EA000040F7 /* Resources */ = {
			isa = PBXResourcesBuildPhase;
			buildActionMask = 2147483647;
			files = (
				D989B6531CC50CF8009F90A1 /* music.mp3 in Resources */,
				D9C84DD81CBEA4EA000040F7 /* LaunchScreen.storyboard in Resources */,
				D9C84DD51CBEA4EA000040F7 /* Assets.xcassets in Resources */,
				D9C84DE01CBEA637000040F7 /* pokemon.csv in Resources */,
				D989B6551CC50CFF009F90A1 /* pokemon.ttf in Resources */,
				D9C84DD31CBEA4EA000040F7 /* Main.storyboard in Resources */,
			);
			runOnlyForDeploymentPostprocessing = 0;
		};
/* End PBXResourcesBuildPhase section */

/* Begin PBXSourcesBuildPhase section */
		D9C84DC61CBEA4EA000040F7 /* Sources */ = {
			isa = PBXSourcesBuildPhase;
			buildActionMask = 2147483647;
			files = (
				D997414B1CC2487B00B5DFB7 /* PokeCell.swift in Sources */,
				D9C84DD01CBEA4EA000040F7 /* ViewController.swift in Sources */,
				D9C84DCE1CBEA4EA000040F7 /* AppDelegate.swift in Sources */,
				D9C84DE31CBEA8CD000040F7 /* Pokemon.swift in Sources */,
				D9921CFF1CC25B7700CEF8E7 /* csv.swift in Sources */,
			);
			runOnlyForDeploymentPostprocessing = 0;
		};
/* End PBXSourcesBuildPhase section */

/* Begin PBXVariantGroup section */
		D9C84DD11CBEA4EA000040F7 /* Main.storyboard */ = {
			isa = PBXVariantGroup;
			children = (
				D9C84DD21CBEA4EA000040F7 /* Base */,
			);
			name = Main.storyboard;
			sourceTree = "<group>";
		};
		D9C84DD61CBEA4EA000040F7 /* LaunchScreen.storyboard */ = {
			isa = PBXVariantGroup;
			children = (
				D9C84DD71CBEA4EA000040F7 /* Base */,
			);
			name = LaunchScreen.storyboard;
			sourceTree = "<group>";
		};
/* End PBXVariantGroup section */

/* Begin XCBuildConfiguration section */
		D9C84DDA1CBEA4EA000040F7 /* Debug */ = {
			isa = XCBuildConfiguration;
			buildSettings = {
				ALWAYS_SEARCH_USER_PATHS = NO;
				CLANG_ANALYZER_NONNULL = YES;
				CLANG_CXX_LANGUAGE_STANDARD = "gnu++0x";
				CLANG_CXX_LIBRARY = "libc++";
				CLANG_ENABLE_MODULES = YES;
				CLANG_ENABLE_OBJC_ARC = YES;
				CLANG_WARN_BOOL_CONVERSION = YES;
				CLANG_WARN_CONSTANT_CONVERSION = YES;
				CLANG_WARN_DIRECT_OBJC_ISA_USAGE = YES_ERROR;
				CLANG_WARN_EMPTY_BODY = YES;
				CLANG_WARN_ENUM_CONVERSION = YES;
				CLANG_WARN_INT_CONVERSION = YES;
				CLANG_WARN_OBJC_ROOT_CLASS = YES_ERROR;
				CLANG_WARN_UNREACHABLE_CODE = YES;
				CLANG_WARN__DUPLICATE_METHOD_MATCH = YES;
				"CODE_SIGN_IDENTITY[sdk=iphoneos*]" = "iPhone Developer";
				COPY_PHASE_STRIP = NO;
				DEBUG_INFORMATION_FORMAT = dwarf;
				ENABLE_STRICT_OBJC_MSGSEND = YES;
				ENABLE_TESTABILITY = YES;
				GCC_C_LANGUAGE_STANDARD = gnu99;
				GCC_DYNAMIC_NO_PIC = NO;
				GCC_NO_COMMON_BLOCKS = YES;
				GCC_OPTIMIZATION_LEVEL = 0;
				GCC_PREPROCESSOR_DEFINITIONS = (
					"DEBUG=1",
					"$(inherited)",
				);
				GCC_WARN_64_TO_32_BIT_CONVERSION = YES;
				GCC_WARN_ABOUT_RETURN_TYPE = YES_ERROR;
				GCC_WARN_UNDECLARED_SELECTOR = YES;
				GCC_WARN_UNINITIALIZED_AUTOS = YES_AGGRESSIVE;
				GCC_WARN_UNUSED_FUNCTION = YES;
				GCC_WARN_UNUSED_VARIABLE = YES;
				IPHONEOS_DEPLOYMENT_TARGET = 9.3;
				MTL_ENABLE_DEBUG_INFO = YES;
				ONLY_ACTIVE_ARCH = YES;
				SDKROOT = iphoneos;
				SWIFT_OPTIMIZATION_LEVEL = "-Onone";
			};
			name = Debug;
		};
		D9C84DDB1CBEA4EA000040F7 /* Release */ = {
			isa = XCBuildConfiguration;
			buildSettings = {
				ALWAYS_SEARCH_USER_PATHS = NO;
				CLANG_ANALYZER_NONNULL = YES;
				CLANG_CXX_LANGUAGE_STANDARD = "gnu++0x";
				CLANG_CXX_LIBRARY = "libc++";
				CLANG_ENABLE_MODULES = YES;
				CLANG_ENABLE_OBJC_ARC = YES;
				CLANG_WARN_BOOL_CONVERSION = YES;
				CLANG_WARN_CONSTANT_CONVERSION = YES;
				CLANG_WARN_DIRECT_OBJC_ISA_USAGE = YES_ERROR;
				CLANG_WARN_EMPTY_BODY = YES;
				CLANG_WARN_ENUM_CONVERSION = YES;
				CLANG_WARN_INT_CONVERSION = YES;
				CLANG_WARN_OBJC_ROOT_CLASS = YES_ERROR;
				CLANG_WARN_UNREACHABLE_CODE = YES;
				CLANG_WARN__DUPLICATE_METHOD_MATCH = YES;
				"CODE_SIGN_IDENTITY[sdk=iphoneos*]" = "iPhone Developer";
				COPY_PHASE_STRIP = NO;
				DEBUG_INFORMATION_FORMAT = "dwarf-with-dsym";
				ENABLE_NS_ASSERTIONS = NO;
				ENABLE_STRICT_OBJC_MSGSEND = YES;
				GCC_C_LANGUAGE_STANDARD = gnu99;
				GCC_NO_COMMON_BLOCKS = YES;
				GCC_WARN_64_TO_32_BIT_CONVERSION = YES;
				GCC_WARN_ABOUT_RETURN_TYPE = YES_ERROR;
				GCC_WARN_UNDECLARED_SELECTOR = YES;
				GCC_WARN_UNINITIALIZED_AUTOS = YES_AGGRESSIVE;
				GCC_WARN_UNUSED_FUNCTION = YES;
				GCC_WARN_UNUSED_VARIABLE = YES;
				IPHONEOS_DEPLOYMENT_TARGET = 9.3;
				MTL_ENABLE_DEBUG_INFO = NO;
				SDKROOT = iphoneos;
				VALIDATE_PRODUCT = YES;
			};
			name = Release;
		};
		D9C84DDD1CBEA4EA000040F7 /* Debug */ = {
			isa = XCBuildConfiguration;
			buildSettings = {
				ASSETCATALOG_COMPILER_APPICON_NAME = AppIcon;
				INFOPLIST_FILE = pokedexapp/Info.plist;
				LD_RUNPATH_SEARCH_PATHS = "$(inherited) @executable_path/Frameworks";
				PRODUCT_BUNDLE_IDENTIFIER = com.swiftkoder.pokedexapp;
				PRODUCT_NAME = "$(TARGET_NAME)";
			};
			name = Debug;
		};
		D9C84DDE1CBEA4EA000040F7 /* Release */ = {
			isa = XCBuildConfiguration;
			buildSettings = {
				ASSETCATALOG_COMPILER_APPICON_NAME = AppIcon;
				INFOPLIST_FILE = pokedexapp/Info.plist;
				LD_RUNPATH_SEARCH_PATHS = "$(inherited) @executable_path/Frameworks";
				PRODUCT_BUNDLE_IDENTIFIER = com.swiftkoder.pokedexapp;
				PRODUCT_NAME = "$(TARGET_NAME)";
			};
			name = Release;
		};
/* End XCBuildConfiguration section */

/* Begin XCConfigurationList section */
		D9C84DC51CBEA4EA000040F7 /* Build configuration list for PBXProject "pokedexapp" */ = {
			isa = XCConfigurationList;
			buildConfigurations = (
				D9C84DDA1CBEA4EA000040F7 /* Debug */,
				D9C84DDB1CBEA4EA000040F7 /* Release */,
			);
			defaultConfigurationIsVisible = 0;
			defaultConfigurationName = Release;
		};
		D9C84DDC1CBEA4EA000040F7 /* Build configuration list for PBXNativeTarget "pokedexapp" */ = {
			isa = XCConfigurationList;
			buildConfigurations = (
				D9C84DDD1CBEA4EA000040F7 /* Debug */,
				D9C84DDE1CBEA4EA000040F7 /* Release */,
			);
			defaultConfigurationIsVisible = 0;
			defaultConfigurationName = Release;
		};
/* End XCConfigurationList section */
	};
	rootObject = D9C84DC21CBEA4EA000040F7 /* Project object */;
}
